
Microsoft Visual Studio Solution File, Format Version 12.00
# Visual Studio Version 16
VisualStudioVersion = 16.0.32106.194
MinimumVisualStudioVersion = 10.0.40219.1
Project("{FAE04EC0-301F-11D3-BF4B-00C04F79EFBC}") = "ITMO-BIM_m1-2-lab14", "ITMO-BIM_m1-2-lab14\ITMO-BIM_m1-2-lab14.csproj", "{3D6A79CB-61A6-4E03-846C-A898CBD9728E}"
EndProject
Global
	GlobalSection(SolutionConfigurationPlatforms) = preSolution
		Debug|Any CPU = Debug|Any CPU
		Release|Any CPU = Release|Any CPU
	EndGlobalSection
	GlobalSection(ProjectConfigurationPlatforms) = postSolution
		{3D6A79CB-61A6-4E03-846C-A898CBD9728E}.Debug|Any CPU.ActiveCfg = Debug|Any CPU
		{3D6A79CB-61A6-4E03-846C-A898CBD9728E}.Debug|Any CPU.Build.0 = Debug|Any CPU
		{3D6A79CB-61A6-4E03-846C-A898CBD9728E}.Release|Any CPU.ActiveCfg = Release|Any CPU
		{3D6A79CB-61A6-4E03-846C-A898CBD9728E}.Release|Any CPU.Build.0 = Release|Any CPU
	EndGlobalSection
	GlobalSection(SolutionProperties) = preSolution
		HideSolutionNode = FALSE
	EndGlobalSection
	GlobalSection(ExtensibilityGlobals) = postSolution
		SolutionGuid = {45997108-5219-4CA3-BA9E-CD9678F677AC}
	EndGlobalSection
EndGlobal
